lockfileVersion: 5.4

importers:

  .:
    specifiers:
      dotenv-cli: ^6.0.0
      turbo: ^1.6.3
    dependencies:
      dotenv-cli: 6.0.0
      turbo: 1.6.3

packages:

  /cross-spawn/7.0.3:
    resolution: {integrity: sha512-iRDPJKUPVEND7dHPO8rkbOnPpyDygcDFtWjpeWNCgy8WP2rXcxXL8TskReQl6OrB2G7+UJrags1q15Fudc7G6w==}
    engines: {node: '>= 8'}
    dependencies:
      path-key: 3.1.1
      shebang-command: 2.0.0
      which: 2.0.2
    dev: false

  /dotenv-cli/6.0.0:
    resolution: {integrity: sha512-qXlCOi3UMDhCWFKe0yq5sg3X+pJAz+RQDiFN38AMSbUrnY3uZshSfDJUAge951OS7J9gwLZGfsBlWRSOYz/TRg==}
    hasBin: true
    dependencies:
      cross-spawn: 7.0.3
      dotenv: 16.0.3
      dotenv-expand: 8.0.3
      minimist: 1.2.7
    dev: false

  /dotenv-expand/8.0.3:
    resolution: {integrity: sha512-SErOMvge0ZUyWd5B0NXMQlDkN+8r+HhVUsxgOO7IoPDOdDRD2JjExpN6y3KnFR66jsJMwSn1pqIivhU5rcJiNg==}
    engines: {node: '>=12'}
    dev: false

  /dotenv/16.0.3:
    resolution: {integrity: sha512-7GO6HghkA5fYG9TYnNxi14/7K9f5occMlp3zXAuSxn7CKCxt9xbNWG7yF8hTCSUchlfWSe3uLmlPfigevRItzQ==}
    engines: {node: '>=12'}
    dev: false

  /isexe/2.0.0:
    resolution: {integrity: sha512-RHxMLp9lnKHGHRng9QFhRCMbYAcVpn69smSGcq3f36xjgVVWThj4qqLbTLlq7Ssj8B+fIQ1EuCEGI2lKsyQeIw==}
    dev: false

  /minimist/1.2.7:
    resolution: {integrity: sha512-bzfL1YUZsP41gmu/qjrEk0Q6i2ix/cVeAhbCbqH9u3zYutS1cLg00qhrD0M2MVdCcx4Sc0UpP2eBWo9rotpq6g==}
    dev: false

  /path-key/3.1.1:
    resolution: {integrity: sha512-ojmeN0qd+y0jszEtoY48r0Peq5dwMEkIlCOu6Q5f41lfkswXuKtYrhgoTpLnyIcHm24Uhqx+5Tqm2InSwLhE6Q==}
    engines: {node: '>=8'}
    dev: false

  /shebang-command/2.0.0:
    resolution: {integrity: sha512-kHxr2zZpYtdmrN1qDjrrX/Z1rR1kG8Dx+gkpK1G4eXmvXswmcE1hTWBWYUzlraYw1/yZp6YuDY77YtvbN0dmDA==}
    engines: {node: '>=8'}
    dependencies:
      shebang-regex: 3.0.0
    dev: false

  /shebang-regex/3.0.0:
    resolution: {integrity: sha512-7++dFhtcx3353uBaq8DDR4NuxBetBzC7ZQOhmTQInHEd6bSrXdiEyzCvG07Z44UYdLShWUyXt5M/yhz8ekcb1A==}
    engines: {node: '>=8'}
    dev: false

  /turbo-darwin-64/1.6.3:
    resolution: {integrity: sha512-QmDIX0Yh1wYQl0bUS0gGWwNxpJwrzZU2GIAYt3aOKoirWA2ecnyb3R6ludcS1znfNV2MfunP+l8E3ncxUHwtjA==}
    cpu: [x64]
    os: [darwin]
    requiresBuild: true
    dev: false
    optional: true

  /turbo-darwin-arm64/1.6.3:
    resolution: {integrity: sha512-75DXhFpwE7CinBbtxTxH08EcWrxYSPFow3NaeFwsG8aymkWXF+U2aukYHJA6I12n9/dGqf7yRXzkF0S/9UtdyQ==}
    cpu: [arm64]
    os: [darwin]
    requiresBuild: true
    dev: false
    optional: true

  /turbo-linux-64/1.6.3:
    resolution: {integrity: sha512-O9uc6J0yoRPWdPg9THRQi69K6E2iZ98cRHNvus05lZbcPzZTxJYkYGb5iagCmCW/pq6fL4T4oLWAd6evg2LGQA==}
    cpu: [x64]
    os: [linux]
    requiresBuild: true
    dev: false
    optional: true

  /turbo-linux-arm64/1.6.3:
    resolution: {integrity: sha512-dCy667qqEtZIhulsRTe8hhWQNCJO0i20uHXv7KjLHuFZGCeMbWxB8rsneRoY+blf8+QNqGuXQJxak7ayjHLxiA==}
    cpu: [arm64]
    os: [linux]
    requiresBuild: true
    dev: false
    optional: true

  /turbo-windows-64/1.6.3:
    resolution: {integrity: sha512-lKRqwL3mrVF09b9KySSaOwetehmGknV9EcQTF7d2dxngGYYX1WXoQLjFP9YYH8ZV07oPm+RUOAKSCQuDuMNhiA==}
    cpu: [x64]
    os: [win32]
    requiresBuild: true
    dev: false
    optional: true

  /turbo-windows-arm64/1.6.3:
    resolution: {integrity: sha512-BXY1sDPEA1DgPwuENvDCD8B7Hb0toscjus941WpL8CVd10hg9pk/MWn9CNgwDO5Q9ks0mw+liDv2EMnleEjeNA==}
    cpu: [arm64]
    os: [win32]
    requiresBuild: true
    dev: false
    optional: true

  /turbo/1.6.3:
    resolution: {integrity: sha512-FtfhJLmEEtHveGxW4Ye/QuY85AnZ2ZNVgkTBswoap7UMHB1+oI4diHPNyqrQLG4K1UFtCkjOlVoLsllUh/9QRw==}
    hasBin: true
    requiresBuild: true
    optionalDependencies:
      turbo-darwin-64: 1.6.3
      turbo-darwin-arm64: 1.6.3
      turbo-linux-64: 1.6.3
      turbo-linux-arm64: 1.6.3
      turbo-windows-64: 1.6.3
      turbo-windows-arm64: 1.6.3
    dev: false

  /which/2.0.2:
    resolution: {integrity: sha512-BLI3Tl1TW3Pvl70l3yq3Y64i+awpwXqsGBYWkkqMtnbXgrMD+yj7rhW0kuEDxzJaYXGjEW5ogapKNMEKNMjibA==}
    engines: {node: '>= 8'}
    hasBin: true
    dependencies:
      isexe: 2.0.0
    dev: false
